
Microsoft Visual Studio Solution File, Format Version 12.00
# Visual Studio 15
VisualStudioVersion = 15.0.27130.2026
MinimumVisualStudioVersion = 10.0.40219.1
Project("{FAE04EC0-301F-11D3-BF4B-00C04F79EFBC}") = "HueService", "HueService\HueService.csproj", "{5387D4E1-512B-4AF7-88CF-5606A6F93A14}"
EndProject
Project("{FAE04EC0-301F-11D3-BF4B-00C04F79EFBC}") = "Application", "Application\Application.csproj", "{C7EC85D7-BBA9-4E60-A9A1-21E24AB93FB7}"
EndProject
Global
	GlobalSection(SolutionConfigurationPlatforms) = preSolution
		Debug|Any CPU = Debug|Any CPU
		Release|Any CPU = Release|Any CPU
	EndGlobalSection
	GlobalSection(ProjectConfigurationPlatforms) = postSolution
		{5387D4E1-512B-4AF7-88CF-5606A6F93A14}.Debug|Any CPU.ActiveCfg = Debug|Any CPU
		{5387D4E1-512B-4AF7-88CF-5606A6F93A14}.Debug|Any CPU.Build.0 = Debug|Any CPU
		{5387D4E1-512B-4AF7-88CF-5606A6F93A14}.Release|Any CPU.ActiveCfg = Release|Any CPU
		{5387D4E1-512B-4AF7-88CF-5606A6F93A14}.Release|Any CPU.Build.0 = Release|Any CPU
		{C7EC85D7-BBA9-4E60-A9A1-21E24AB93FB7}.Debug|Any CPU.ActiveCfg = Debug|Any CPU
		{C7EC85D7-BBA9-4E60-A9A1-21E24AB93FB7}.Debug|Any CPU.Build.0 = Debug|Any CPU
		{C7EC85D7-BBA9-4E60-A9A1-21E24AB93FB7}.Release|Any CPU.ActiveCfg = Release|Any CPU
		{C7EC85D7-BBA9-4E60-A9A1-21E24AB93FB7}.Release|Any CPU.Build.0 = Release|Any CPU
	EndGlobalSection
	GlobalSection(SolutionProperties) = preSolution
		HideSolutionNode = FALSE
	EndGlobalSection
	GlobalSection(ExtensibilityGlobals) = postSolution
		SolutionGuid = {94A0F974-BD67-4F87-8CA9-31764BBBD6F1}
	EndGlobalSection
EndGlobal
